
Microsoft Visual Studio Solution File, Format Version 12.00
# Visual Studio Version 17
VisualStudioVersion = 17.14.36623.8
MinimumVisualStudioVersion = 10.0.40219.1
Project("{FAE04EC0-301F-11D3-BF4B-00C04F79EFBC}") = "SalonApp.SharedKernel", "src\SalonApp.SharedKernel\SalonApp.SharedKernel.csproj", "{2CA7652A-1EB4-4C96-A17E-77E10B96F7EE}"
EndProject
Project("{2150E333-8FDC-42A3-9474-1A3956D46DE8}") = "Solution Items", "Solution Items", "{8EC462FD-D22E-90A8-E5CE-7E832BA40C5D}"
	ProjectSection(SolutionItems) = preProject
		.gitignore = .gitignore
	EndProjectSection
EndProject
Project("{FAE04EC0-301F-11D3-BF4B-00C04F79EFBC}") = "SalonApp.Modules.Clients", "src\SalonApp.Modules.Clients\SalonApp.Modules.Clients.csproj", "{473963F4-CC67-406A-9174-0289152C3B68}"
EndProject
Project("{FAE04EC0-301F-11D3-BF4B-00C04F79EFBC}") = "SalonApp.Modules.Services", "SalonApp.Modules.Services\SalonApp.Modules.Services.csproj", "{74951B1B-2B5C-4E20-B55D-1A2B73E7CA82}"
EndProject
Project("{FAE04EC0-301F-11D3-BF4B-00C04F79EFBC}") = "SalonApp.Modules.Staff", "SalonApp.Modules.Staff\SalonApp.Modules.Staff.csproj", "{B5BAC4F6-64CF-49F6-B931-2090198D2571}"
EndProject
Project("{FAE04EC0-301F-11D3-BF4B-00C04F79EFBC}") = "SalonApp.Modules.Appointments", "src\SalonApp.Modules.Appointments\SalonApp.Modules.Appointments.csproj", "{7899FED0-3D00-4486-9700-B6F8B310B8F1}"
EndProject
Global
	GlobalSection(SolutionConfigurationPlatforms) = preSolution
		Debug|Any CPU = Debug|Any CPU
		Release|Any CPU = Release|Any CPU
	EndGlobalSection
	GlobalSection(ProjectConfigurationPlatforms) = postSolution
		{2CA7652A-1EB4-4C96-A17E-77E10B96F7EE}.Debug|Any CPU.ActiveCfg = Debug|Any CPU
		{2CA7652A-1EB4-4C96-A17E-77E10B96F7EE}.Debug|Any CPU.Build.0 = Debug|Any CPU
		{2CA7652A-1EB4-4C96-A17E-77E10B96F7EE}.Release|Any CPU.ActiveCfg = Release|Any CPU
		{2CA7652A-1EB4-4C96-A17E-77E10B96F7EE}.Release|Any CPU.Build.0 = Release|Any CPU
		{473963F4-CC67-406A-9174-0289152C3B68}.Debug|Any CPU.ActiveCfg = Debug|Any CPU
		{473963F4-CC67-406A-9174-0289152C3B68}.Debug|Any CPU.Build.0 = Debug|Any CPU
		{473963F4-CC67-406A-9174-0289152C3B68}.Release|Any CPU.ActiveCfg = Release|Any CPU
		{473963F4-CC67-406A-9174-0289152C3B68}.Release|Any CPU.Build.0 = Release|Any CPU
		{74951B1B-2B5C-4E20-B55D-1A2B73E7CA82}.Debug|Any CPU.ActiveCfg = Debug|Any CPU
		{74951B1B-2B5C-4E20-B55D-1A2B73E7CA82}.Debug|Any CPU.Build.0 = Debug|Any CPU
		{74951B1B-2B5C-4E20-B55D-1A2B73E7CA82}.Release|Any CPU.ActiveCfg = Release|Any CPU
		{74951B1B-2B5C-4E20-B55D-1A2B73E7CA82}.Release|Any CPU.Build.0 = Release|Any CPU
		{B5BAC4F6-64CF-49F6-B931-2090198D2571}.Debug|Any CPU.ActiveCfg = Debug|Any CPU
		{B5BAC4F6-64CF-49F6-B931-2090198D2571}.Debug|Any CPU.Build.0 = Debug|Any CPU
		{B5BAC4F6-64CF-49F6-B931-2090198D2571}.Release|Any CPU.ActiveCfg = Release|Any CPU
		{B5BAC4F6-64CF-49F6-B931-2090198D2571}.Release|Any CPU.Build.0 = Release|Any CPU
		{7899FED0-3D00-4486-9700-B6F8B310B8F1}.Debug|Any CPU.ActiveCfg = Debug|Any CPU
		{7899FED0-3D00-4486-9700-B6F8B310B8F1}.Debug|Any CPU.Build.0 = Debug|Any CPU
		{7899FED0-3D00-4486-9700-B6F8B310B8F1}.Release|Any CPU.ActiveCfg = Release|Any CPU
		{7899FED0-3D00-4486-9700-B6F8B310B8F1}.Release|Any CPU.Build.0 = Release|Any CPU
	EndGlobalSection
	GlobalSection(SolutionProperties) = preSolution
		HideSolutionNode = FALSE
	EndGlobalSection
	GlobalSection(ExtensibilityGlobals) = postSolution
		SolutionGuid = {58AF3B6D-A777-417A-A000-392F6F03ACE8}
	EndGlobalSection
EndGlobal
